
Microsoft Visual Studio Solution File, Format Version 12.00
# Visual Studio Version 17
VisualStudioVersion = 17.8.34330.188
MinimumVisualStudioVersion = 10.0.40219.1
Project("{FAE04EC0-301F-11D3-BF4B-00C04F79EFBC}") = "BinRenamer", "BinRenamer.csproj", "{DFBE9594-EFDA-4ADC-955E-741FF8C0810C}"
EndProject
Global
	GlobalSection(SolutionConfigurationPlatforms) = preSolution
		Debug|Any CPU = Debug|Any CPU
		Release|Any CPU = Release|Any CPU
	EndGlobalSection
	GlobalSection(ProjectConfigurationPlatforms) = postSolution
		{DFBE9594-EFDA-4ADC-955E-741FF8C0810C}.Debug|Any CPU.ActiveCfg = Debug|Any CPU
		{DFBE9594-EFDA-4ADC-955E-741FF8C0810C}.Debug|Any CPU.Build.0 = Debug|Any CPU
		{DFBE9594-EFDA-4ADC-955E-741FF8C0810C}.Release|Any CPU.ActiveCfg = Release|Any CPU
		{DFBE9594-EFDA-4ADC-955E-741FF8C0810C}.Release|Any CPU.Build.0 = Release|Any CPU
	EndGlobalSection
	GlobalSection(SolutionProperties) = preSolution
		HideSolutionNode = FALSE
	EndGlobalSection
	GlobalSection(ExtensibilityGlobals) = postSolution
		SolutionGuid = {D648FC4E-8367-4B3F-86D2-4147477CCF36}
	EndGlobalSection
EndGlobal
